
Microsoft Visual Studio Solution File, Format Version 12.00
# Visual Studio Version 16
VisualStudioVersion = 16.0.30804.86
MinimumVisualStudioVersion = 10.0.40219.1
Project("{2150E333-8FDC-42A3-9474-1A3956D46DE8}") = "src", "src", "{43FF0C17-C9AA-4D22-BF29-E8CB4CA526CD}"
EndProject
Project("{2150E333-8FDC-42A3-9474-1A3956D46DE8}") = "UserAccess", "UserAccess", "{78783A09-ABCB-432E-8C2B-A868127D46AA}"
EndProject
Project("{2150E333-8FDC-42A3-9474-1A3956D46DE8}") = "BuildingBlocks", "BuildingBlocks", "{D1F30E0F-51B4-42D3-80D7-E8B059F4EA47}"
EndProject
Project("{2150E333-8FDC-42A3-9474-1A3956D46DE8}") = "Api", "Api", "{D8F61E68-A414-4F6C-A735-58904BFA969A}"
EndProject
Project("{9A19103F-16F7-4668-BE54-9A1E7A4F7556}") = "Funzone.Api", "src\Api\Funzone.Api\Funzone.Api.csproj", "{213D464E-B228-484A-A98D-83E7F10DD096}"
EndProject
Project("{FAE04EC0-301F-11D3-BF4B-00C04F79EFBC}") = "Funzone.UserAccess.Domain", "src\UserAccess\Funzone.UserAccess.Domain\Funzone.UserAccess.Domain.csproj", "{ECCF0003-77A4-43F5-A895-F9BFF60A545A}"
EndProject
Project("{FAE04EC0-301F-11D3-BF4B-00C04F79EFBC}") = "Funzone.BuildingBlocks.Domain", "src\BuildingBlocks\Funzone.BuildingBlocks.Domain\Funzone.BuildingBlocks.Domain.csproj", "{51AB452A-2DF5-45E0-8E68-B9A5EDF93192}"
EndProject
Project("{FAE04EC0-301F-11D3-BF4B-00C04F79EFBC}") = "Funzone.BuildingBlocks.Application", "src\BuildingBlocks\Funzone.BuildingBlocks.Application\Funzone.BuildingBlocks.Application.csproj", "{67624417-D3B2-44E4-BE16-C852C42167E2}"
EndProject
Project("{FAE04EC0-301F-11D3-BF4B-00C04F79EFBC}") = "Funzone.BuildingBlocks.Infrastructure", "src\BuildingBlocks\Funzone.BuildingBlocks.Infrastructure\Funzone.BuildingBlocks.Infrastructure.csproj", "{6DDAABDE-7E82-482E-9FB5-BC27D3B66904}"
EndProject
Project("{FAE04EC0-301F-11D3-BF4B-00C04F79EFBC}") = "Funzone.BuildingBlocks.EventBus", "src\BuildingBlocks\Funzone.BuildingBlocks.EventBus\Funzone.BuildingBlocks.EventBus.csproj", "{C1B1D8E2-5704-40FA-A2D4-BC0D6A26F08C}"
EndProject
Project("{FAE04EC0-301F-11D3-BF4B-00C04F79EFBC}") = "Funzone.UserAccess.Application", "src\UserAccess\Funzone.UserAccess.Application\Funzone.UserAccess.Application.csproj", "{30674CB5-2409-47BD-B04D-DF6611F3EDFD}"
EndProject
Project("{FAE04EC0-301F-11D3-BF4B-00C04F79EFBC}") = "Funzone.UserAccess.Infrastructure", "src\UserAccess\Funzone.UserAccess.Infrastructure\Funzone.UserAccess.Infrastructure.csproj", "{C379158E-B609-4244-8A7B-5A6B7802A1FF}"
EndProject
Global
	GlobalSection(SolutionConfigurationPlatforms) = preSolution
		Debug|Any CPU = Debug|Any CPU
		Release|Any CPU = Release|Any CPU
	EndGlobalSection
	GlobalSection(ProjectConfigurationPlatforms) = postSolution
		{213D464E-B228-484A-A98D-83E7F10DD096}.Debug|Any CPU.ActiveCfg = Debug|Any CPU
		{213D464E-B228-484A-A98D-83E7F10DD096}.Debug|Any CPU.Build.0 = Debug|Any CPU
		{213D464E-B228-484A-A98D-83E7F10DD096}.Release|Any CPU.ActiveCfg = Release|Any CPU
		{213D464E-B228-484A-A98D-83E7F10DD096}.Release|Any CPU.Build.0 = Release|Any CPU
		{ECCF0003-77A4-43F5-A895-F9BFF60A545A}.Debug|Any CPU.ActiveCfg = Debug|Any CPU
		{ECCF0003-77A4-43F5-A895-F9BFF60A545A}.Debug|Any CPU.Build.0 = Debug|Any CPU
		{ECCF0003-77A4-43F5-A895-F9BFF60A545A}.Release|Any CPU.ActiveCfg = Release|Any CPU
		{ECCF0003-77A4-43F5-A895-F9BFF60A545A}.Release|Any CPU.Build.0 = Release|Any CPU
		{51AB452A-2DF5-45E0-8E68-B9A5EDF93192}.Debug|Any CPU.ActiveCfg = Debug|Any CPU
		{51AB452A-2DF5-45E0-8E68-B9A5EDF93192}.Debug|Any CPU.Build.0 = Debug|Any CPU
		{51AB452A-2DF5-45E0-8E68-B9A5EDF93192}.Release|Any CPU.ActiveCfg = Release|Any CPU
		{51AB452A-2DF5-45E0-8E68-B9A5EDF93192}.Release|Any CPU.Build.0 = Release|Any CPU
		{67624417-D3B2-44E4-BE16-C852C42167E2}.Debug|Any CPU.ActiveCfg = Debug|Any CPU
		{67624417-D3B2-44E4-BE16-C852C42167E2}.Debug|Any CPU.Build.0 = Debug|Any CPU
		{67624417-D3B2-44E4-BE16-C852C42167E2}.Release|Any CPU.ActiveCfg = Release|Any CPU
		{67624417-D3B2-44E4-BE16-C852C42167E2}.Release|Any CPU.Build.0 = Release|Any CPU
		{6DDAABDE-7E82-482E-9FB5-BC27D3B66904}.Debug|Any CPU.ActiveCfg = Debug|Any CPU
		{6DDAABDE-7E82-482E-9FB5-BC27D3B66904}.Debug|Any CPU.Build.0 = Debug|Any CPU
		{6DDAABDE-7E82-482E-9FB5-BC27D3B66904}.Release|Any CPU.ActiveCfg = Release|Any CPU
		{6DDAABDE-7E82-482E-9FB5-BC27D3B66904}.Release|Any CPU.Build.0 = Release|Any CPU
		{C1B1D8E2-5704-40FA-A2D4-BC0D6A26F08C}.Debug|Any CPU.ActiveCfg = Debug|Any CPU
		{C1B1D8E2-5704-40FA-A2D4-BC0D6A26F08C}.Debug|Any CPU.Build.0 = Debug|Any CPU
		{C1B1D8E2-5704-40FA-A2D4-BC0D6A26F08C}.Release|Any CPU.ActiveCfg = Release|Any CPU
		{C1B1D8E2-5704-40FA-A2D4-BC0D6A26F08C}.Release|Any CPU.Build.0 = Release|Any CPU
		{30674CB5-2409-47BD-B04D-DF6611F3EDFD}.Debug|Any CPU.ActiveCfg = Debug|Any CPU
		{30674CB5-2409-47BD-B04D-DF6611F3EDFD}.Debug|Any CPU.Build.0 = Debug|Any CPU
		{30674CB5-2409-47BD-B04D-DF6611F3EDFD}.Release|Any CPU.ActiveCfg = Release|Any CPU
		{30674CB5-2409-47BD-B04D-DF6611F3EDFD}.Release|Any CPU.Build.0 = Release|Any CPU
		{C379158E-B609-4244-8A7B-5A6B7802A1FF}.Debug|Any CPU.ActiveCfg = Debug|Any CPU
		{C379158E-B609-4244-8A7B-5A6B7802A1FF}.Debug|Any CPU.Build.0 = Debug|Any CPU
		{C379158E-B609-4244-8A7B-5A6B7802A1FF}.Release|Any CPU.ActiveCfg = Release|Any CPU
		{C379158E-B609-4244-8A7B-5A6B7802A1FF}.Release|Any CPU.Build.0 = Release|Any CPU
	EndGlobalSection
	GlobalSection(SolutionProperties) = preSolution
		HideSolutionNode = FALSE
	EndGlobalSection
	GlobalSection(NestedProjects) = preSolution
		{78783A09-ABCB-432E-8C2B-A868127D46AA} = {43FF0C17-C9AA-4D22-BF29-E8CB4CA526CD}
		{D1F30E0F-51B4-42D3-80D7-E8B059F4EA47} = {43FF0C17-C9AA-4D22-BF29-E8CB4CA526CD}
		{D8F61E68-A414-4F6C-A735-58904BFA969A} = {43FF0C17-C9AA-4D22-BF29-E8CB4CA526CD}
		{213D464E-B228-484A-A98D-83E7F10DD096} = {D8F61E68-A414-4F6C-A735-58904BFA969A}
		{ECCF0003-77A4-43F5-A895-F9BFF60A545A} = {78783A09-ABCB-432E-8C2B-A868127D46AA}
		{51AB452A-2DF5-45E0-8E68-B9A5EDF93192} = {D1F30E0F-51B4-42D3-80D7-E8B059F4EA47}
		{67624417-D3B2-44E4-BE16-C852C42167E2} = {D1F30E0F-51B4-42D3-80D7-E8B059F4EA47}
		{6DDAABDE-7E82-482E-9FB5-BC27D3B66904} = {D1F30E0F-51B4-42D3-80D7-E8B059F4EA47}
		{C1B1D8E2-5704-40FA-A2D4-BC0D6A26F08C} = {D1F30E0F-51B4-42D3-80D7-E8B059F4EA47}
		{30674CB5-2409-47BD-B04D-DF6611F3EDFD} = {78783A09-ABCB-432E-8C2B-A868127D46AA}
		{C379158E-B609-4244-8A7B-5A6B7802A1FF} = {78783A09-ABCB-432E-8C2B-A868127D46AA}
	EndGlobalSection
	GlobalSection(ExtensibilityGlobals) = postSolution
		SolutionGuid = {73EC7B78-E2C0-4C4D-B74B-24CD69730E58}
	EndGlobalSection
EndGlobal
