
Microsoft Visual Studio Solution File, Format Version 12.00
# Visual Studio Version 16
VisualStudioVersion = 16.0.30804.86
MinimumVisualStudioVersion = 10.0.40219.1
Project("{9A19103F-16F7-4668-BE54-9A1E7A4F7556}") = "Funzone.Domain", "src\Funzone.Domain\Funzone.Domain.csproj", "{C1BFFC00-F14C-4347-971A-89A6186671C3}"
EndProject
Project("{2150E333-8FDC-42A3-9474-1A3956D46DE8}") = "src", "src", "{BA90D27A-2C6D-4462-9401-4563BB3713F2}"
EndProject
Project("{9A19103F-16F7-4668-BE54-9A1E7A4F7556}") = "Funzone.Application", "src\Funzone.Application\Funzone.Application.csproj", "{8D08D145-A554-46F1-B7E8-A71C4ED22585}"
EndProject
Project("{9A19103F-16F7-4668-BE54-9A1E7A4F7556}") = "Funzone.Infrastructure", "src\Funzone.Infrastructure\Funzone.Infrastructure.csproj", "{B412FF98-7869-4B0E-941A-F70ED1E8A23E}"
EndProject
Project("{2150E333-8FDC-42A3-9474-1A3956D46DE8}") = "tests", "tests", "{007F9AD7-F353-423D-A905-F7E1A2DA487E}"
EndProject
Project("{9A19103F-16F7-4668-BE54-9A1E7A4F7556}") = "Funzone.UnitTests", "tests\Funzone.UnitTests\Funzone.UnitTests.csproj", "{12F9AAFE-E869-472E-961C-01B909DAB6A0}"
EndProject
Project("{9A19103F-16F7-4668-BE54-9A1E7A4F7556}") = "Funzone.IntegrationTests", "tests\Funzone.IntegrationTests\Funzone.IntegrationTests.csproj", "{4215F5A0-805F-4A08-B016-57AFC9D70440}"
EndProject
Project("{9A19103F-16F7-4668-BE54-9A1E7A4F7556}") = "Funzone.Api", "src\Funzone.Api\Funzone.Api.csproj", "{D0B6169A-3243-4DE7-8F7B-0522FE6BD68B}"
EndProject
Project("{E53339B2-1760-4266-BCC7-CA923CBCF16C}") = "docker-compose", "docker-compose.dcproj", "{CF9E280B-275A-464F-8A75-AB9E1B2C5A95}"
EndProject
Project("{2150E333-8FDC-42A3-9474-1A3956D46DE8}") = "workflows", "workflows", "{62387BB6-EC34-4378-A038-4FFAFCFE3AC6}"
	ProjectSection(SolutionItems) = preProject
		.github\workflows\build.yml = .github\workflows\build.yml
		.github\workflows\funzone-api.yml = .github\workflows\funzone-api.yml
	EndProjectSection
EndProject
Global
	GlobalSection(SolutionConfigurationPlatforms) = preSolution
		Debug|Any CPU = Debug|Any CPU
		Release|Any CPU = Release|Any CPU
	EndGlobalSection
	GlobalSection(ProjectConfigurationPlatforms) = postSolution
		{C1BFFC00-F14C-4347-971A-89A6186671C3}.Debug|Any CPU.ActiveCfg = Debug|Any CPU
		{C1BFFC00-F14C-4347-971A-89A6186671C3}.Debug|Any CPU.Build.0 = Debug|Any CPU
		{C1BFFC00-F14C-4347-971A-89A6186671C3}.Release|Any CPU.ActiveCfg = Release|Any CPU
		{C1BFFC00-F14C-4347-971A-89A6186671C3}.Release|Any CPU.Build.0 = Release|Any CPU
		{8D08D145-A554-46F1-B7E8-A71C4ED22585}.Debug|Any CPU.ActiveCfg = Debug|Any CPU
		{8D08D145-A554-46F1-B7E8-A71C4ED22585}.Debug|Any CPU.Build.0 = Debug|Any CPU
		{8D08D145-A554-46F1-B7E8-A71C4ED22585}.Release|Any CPU.ActiveCfg = Release|Any CPU
		{8D08D145-A554-46F1-B7E8-A71C4ED22585}.Release|Any CPU.Build.0 = Release|Any CPU
		{B412FF98-7869-4B0E-941A-F70ED1E8A23E}.Debug|Any CPU.ActiveCfg = Debug|Any CPU
		{B412FF98-7869-4B0E-941A-F70ED1E8A23E}.Debug|Any CPU.Build.0 = Debug|Any CPU
		{B412FF98-7869-4B0E-941A-F70ED1E8A23E}.Release|Any CPU.ActiveCfg = Release|Any CPU
		{B412FF98-7869-4B0E-941A-F70ED1E8A23E}.Release|Any CPU.Build.0 = Release|Any CPU
		{12F9AAFE-E869-472E-961C-01B909DAB6A0}.Debug|Any CPU.ActiveCfg = Debug|Any CPU
		{12F9AAFE-E869-472E-961C-01B909DAB6A0}.Debug|Any CPU.Build.0 = Debug|Any CPU
		{12F9AAFE-E869-472E-961C-01B909DAB6A0}.Release|Any CPU.ActiveCfg = Release|Any CPU
		{12F9AAFE-E869-472E-961C-01B909DAB6A0}.Release|Any CPU.Build.0 = Release|Any CPU
		{4215F5A0-805F-4A08-B016-57AFC9D70440}.Debug|Any CPU.ActiveCfg = Debug|Any CPU
		{4215F5A0-805F-4A08-B016-57AFC9D70440}.Debug|Any CPU.Build.0 = Debug|Any CPU
		{4215F5A0-805F-4A08-B016-57AFC9D70440}.Release|Any CPU.ActiveCfg = Release|Any CPU
		{4215F5A0-805F-4A08-B016-57AFC9D70440}.Release|Any CPU.Build.0 = Release|Any CPU
		{D0B6169A-3243-4DE7-8F7B-0522FE6BD68B}.Debug|Any CPU.ActiveCfg = Debug|Any CPU
		{D0B6169A-3243-4DE7-8F7B-0522FE6BD68B}.Debug|Any CPU.Build.0 = Debug|Any CPU
		{D0B6169A-3243-4DE7-8F7B-0522FE6BD68B}.Release|Any CPU.ActiveCfg = Release|Any CPU
		{D0B6169A-3243-4DE7-8F7B-0522FE6BD68B}.Release|Any CPU.Build.0 = Release|Any CPU
		{CF9E280B-275A-464F-8A75-AB9E1B2C5A95}.Debug|Any CPU.ActiveCfg = Debug|Any CPU
		{CF9E280B-275A-464F-8A75-AB9E1B2C5A95}.Debug|Any CPU.Build.0 = Debug|Any CPU
		{CF9E280B-275A-464F-8A75-AB9E1B2C5A95}.Release|Any CPU.ActiveCfg = Release|Any CPU
		{CF9E280B-275A-464F-8A75-AB9E1B2C5A95}.Release|Any CPU.Build.0 = Release|Any CPU
	EndGlobalSection
	GlobalSection(SolutionProperties) = preSolution
		HideSolutionNode = FALSE
	EndGlobalSection
	GlobalSection(NestedProjects) = preSolution
		{C1BFFC00-F14C-4347-971A-89A6186671C3} = {BA90D27A-2C6D-4462-9401-4563BB3713F2}
		{8D08D145-A554-46F1-B7E8-A71C4ED22585} = {BA90D27A-2C6D-4462-9401-4563BB3713F2}
		{B412FF98-7869-4B0E-941A-F70ED1E8A23E} = {BA90D27A-2C6D-4462-9401-4563BB3713F2}
		{12F9AAFE-E869-472E-961C-01B909DAB6A0} = {007F9AD7-F353-423D-A905-F7E1A2DA487E}
		{4215F5A0-805F-4A08-B016-57AFC9D70440} = {007F9AD7-F353-423D-A905-F7E1A2DA487E}
		{D0B6169A-3243-4DE7-8F7B-0522FE6BD68B} = {BA90D27A-2C6D-4462-9401-4563BB3713F2}
	EndGlobalSection
	GlobalSection(ExtensibilityGlobals) = postSolution
		SolutionGuid = {CCCC8FC4-DF9E-4726-A6AF-FCEE4CBF0C2A}
	EndGlobalSection
EndGlobal
