
Microsoft Visual Studio Solution File, Format Version 12.00
# Visual Studio Version 17
VisualStudioVersion = 17.0.31521.260
MinimumVisualStudioVersion = 10.0.40219.1
Project("{2150E333-8FDC-42A3-9474-1A3956D46DE8}") = "src", "src", "{2244F239-7C2E-4443-8336-F7E03AF668F3}"
EndProject
Project("{2150E333-8FDC-42A3-9474-1A3956D46DE8}") = "tests", "tests", "{5B4832F9-22F1-418F-ACB8-118D38F79073}"
EndProject
Project("{9A19103F-16F7-4668-BE54-9A1E7A4F7556}") = "MarchNote.Infrastructure", "src\MarchNote.Infrastructure\MarchNote.Infrastructure.csproj", "{FA6266A7-BBE0-4F05-8B08-50C3007A05CA}"
EndProject
Project("{9A19103F-16F7-4668-BE54-9A1E7A4F7556}") = "MarchNote.Api", "src\MarchNote.Api\MarchNote.Api.csproj", "{F3B28FEF-B5C7-41C6-ACBA-CF2D1D7EB07D}"
EndProject
Project("{9A19103F-16F7-4668-BE54-9A1E7A4F7556}") = "MarchNote.UnitTests", "tests\MarchNote.UnitTests\MarchNote.UnitTests.csproj", "{CA51AEA7-823A-42F9-AC07-7D698765DD0F}"
EndProject
Project("{9A19103F-16F7-4668-BE54-9A1E7A4F7556}") = "MarchNote.IntegrationTests", "tests\MarchNote.IntegrationTests\MarchNote.IntegrationTests.csproj", "{9EA39BDC-8E84-4640-B3C4-97F4F324B8E9}"
EndProject
Project("{9A19103F-16F7-4668-BE54-9A1E7A4F7556}") = "MarchNote.Domain", "src\MarchNote.Domain\MarchNote.Domain.csproj", "{8CF71F3A-ABB4-47A3-A09A-5665AABA3394}"
EndProject
Project("{9A19103F-16F7-4668-BE54-9A1E7A4F7556}") = "MarchNote.Application", "src\MarchNote.Application\MarchNote.Application.csproj", "{6B26CF9B-3111-4B04-A2BD-3C0B0DA58AD7}"
EndProject
Project("{E53339B2-1760-4266-BCC7-CA923CBCF16C}") = "docker-compose", "docker-compose.dcproj", "{BF4B858D-B6E7-455F-B608-CE1C56350207}"
EndProject
Global
	GlobalSection(SolutionConfigurationPlatforms) = preSolution
		Debug|Any CPU = Debug|Any CPU
		Release|Any CPU = Release|Any CPU
	EndGlobalSection
	GlobalSection(ProjectConfigurationPlatforms) = postSolution
		{FA6266A7-BBE0-4F05-8B08-50C3007A05CA}.Debug|Any CPU.ActiveCfg = Debug|Any CPU
		{FA6266A7-BBE0-4F05-8B08-50C3007A05CA}.Debug|Any CPU.Build.0 = Debug|Any CPU
		{FA6266A7-BBE0-4F05-8B08-50C3007A05CA}.Release|Any CPU.ActiveCfg = Release|Any CPU
		{FA6266A7-BBE0-4F05-8B08-50C3007A05CA}.Release|Any CPU.Build.0 = Release|Any CPU
		{F3B28FEF-B5C7-41C6-ACBA-CF2D1D7EB07D}.Debug|Any CPU.ActiveCfg = Debug|Any CPU
		{F3B28FEF-B5C7-41C6-ACBA-CF2D1D7EB07D}.Debug|Any CPU.Build.0 = Debug|Any CPU
		{F3B28FEF-B5C7-41C6-ACBA-CF2D1D7EB07D}.Release|Any CPU.ActiveCfg = Release|Any CPU
		{F3B28FEF-B5C7-41C6-ACBA-CF2D1D7EB07D}.Release|Any CPU.Build.0 = Release|Any CPU
		{CA51AEA7-823A-42F9-AC07-7D698765DD0F}.Debug|Any CPU.ActiveCfg = Debug|Any CPU
		{CA51AEA7-823A-42F9-AC07-7D698765DD0F}.Debug|Any CPU.Build.0 = Debug|Any CPU
		{CA51AEA7-823A-42F9-AC07-7D698765DD0F}.Release|Any CPU.ActiveCfg = Release|Any CPU
		{CA51AEA7-823A-42F9-AC07-7D698765DD0F}.Release|Any CPU.Build.0 = Release|Any CPU
		{9EA39BDC-8E84-4640-B3C4-97F4F324B8E9}.Debug|Any CPU.ActiveCfg = Debug|Any CPU
		{9EA39BDC-8E84-4640-B3C4-97F4F324B8E9}.Debug|Any CPU.Build.0 = Debug|Any CPU
		{9EA39BDC-8E84-4640-B3C4-97F4F324B8E9}.Release|Any CPU.ActiveCfg = Release|Any CPU
		{9EA39BDC-8E84-4640-B3C4-97F4F324B8E9}.Release|Any CPU.Build.0 = Release|Any CPU
		{8CF71F3A-ABB4-47A3-A09A-5665AABA3394}.Debug|Any CPU.ActiveCfg = Debug|Any CPU
		{8CF71F3A-ABB4-47A3-A09A-5665AABA3394}.Debug|Any CPU.Build.0 = Debug|Any CPU
		{8CF71F3A-ABB4-47A3-A09A-5665AABA3394}.Release|Any CPU.ActiveCfg = Release|Any CPU
		{8CF71F3A-ABB4-47A3-A09A-5665AABA3394}.Release|Any CPU.Build.0 = Release|Any CPU
		{6B26CF9B-3111-4B04-A2BD-3C0B0DA58AD7}.Debug|Any CPU.ActiveCfg = Debug|Any CPU
		{6B26CF9B-3111-4B04-A2BD-3C0B0DA58AD7}.Debug|Any CPU.Build.0 = Debug|Any CPU
		{6B26CF9B-3111-4B04-A2BD-3C0B0DA58AD7}.Release|Any CPU.ActiveCfg = Release|Any CPU
		{6B26CF9B-3111-4B04-A2BD-3C0B0DA58AD7}.Release|Any CPU.Build.0 = Release|Any CPU
		{BF4B858D-B6E7-455F-B608-CE1C56350207}.Debug|Any CPU.ActiveCfg = Debug|Any CPU
		{BF4B858D-B6E7-455F-B608-CE1C56350207}.Debug|Any CPU.Build.0 = Debug|Any CPU
		{BF4B858D-B6E7-455F-B608-CE1C56350207}.Release|Any CPU.ActiveCfg = Release|Any CPU
		{BF4B858D-B6E7-455F-B608-CE1C56350207}.Release|Any CPU.Build.0 = Release|Any CPU
	EndGlobalSection
	GlobalSection(SolutionProperties) = preSolution
		HideSolutionNode = FALSE
	EndGlobalSection
	GlobalSection(NestedProjects) = preSolution
		{FA6266A7-BBE0-4F05-8B08-50C3007A05CA} = {2244F239-7C2E-4443-8336-F7E03AF668F3}
		{F3B28FEF-B5C7-41C6-ACBA-CF2D1D7EB07D} = {2244F239-7C2E-4443-8336-F7E03AF668F3}
		{CA51AEA7-823A-42F9-AC07-7D698765DD0F} = {5B4832F9-22F1-418F-ACB8-118D38F79073}
		{9EA39BDC-8E84-4640-B3C4-97F4F324B8E9} = {5B4832F9-22F1-418F-ACB8-118D38F79073}
		{8CF71F3A-ABB4-47A3-A09A-5665AABA3394} = {2244F239-7C2E-4443-8336-F7E03AF668F3}
		{6B26CF9B-3111-4B04-A2BD-3C0B0DA58AD7} = {2244F239-7C2E-4443-8336-F7E03AF668F3}
	EndGlobalSection
	GlobalSection(ExtensibilityGlobals) = postSolution
		SolutionGuid = {2660B7C5-B92A-4756-ACEF-608F106055A5}
	EndGlobalSection
EndGlobal
