
Microsoft Visual Studio Solution File, Format Version 12.00
# Visual Studio Version 17
VisualStudioVersion = 17.0.31919.166
MinimumVisualStudioVersion = 10.0.40219.1
Project("{FAE04EC0-301F-11D3-BF4B-00C04F79EFBC}") = "Notex.Core", "src\Notex.Core\Notex.Core.csproj", "{9FF246EA-CF29-4178-BD4B-25058E1ACBA5}"
EndProject
Project("{FAE04EC0-301F-11D3-BF4B-00C04F79EFBC}") = "Notex.Infrastructure", "src\Notex.Infrastructure\Notex.Infrastructure.csproj", "{73FFF374-2CBE-44D2-B7D3-0DD51351BC09}"
EndProject
Project("{FAE04EC0-301F-11D3-BF4B-00C04F79EFBC}") = "Notex.Messages", "src\Notex.Messages\Notex.Messages.csproj", "{F67DD5DE-AC65-4A35-967F-7F25438077B1}"
EndProject
Project("{2150E333-8FDC-42A3-9474-1A3956D46DE8}") = "src", "src", "{7A017A0C-8192-418B-98EA-5FE12063F019}"
EndProject
Project("{FAE04EC0-301F-11D3-BF4B-00C04F79EFBC}") = "Notex.Api", "src\Notex.Api\Notex.Api.csproj", "{57CC0DE3-F110-42F3-B3AB-BD61B28FB35B}"
EndProject
Project("{2150E333-8FDC-42A3-9474-1A3956D46DE8}") = "tests", "tests", "{4E60DA2F-7570-46E5-80D5-E39BC071F00A}"
EndProject
Project("{FAE04EC0-301F-11D3-BF4B-00C04F79EFBC}") = "Notex.UnitTests", "tests\Notex.UnitTests\Notex.UnitTests.csproj", "{75618E42-A0A8-4953-BDDD-309D10C0F03E}"
EndProject
Project("{FAE04EC0-301F-11D3-BF4B-00C04F79EFBC}") = "Notex.IntegrationTests", "tests\Notex.IntegrationTests\Notex.IntegrationTests.csproj", "{F114DAF1-86CF-4C6D-8BF7-B800A9EF7DCE}"
EndProject
Global
	GlobalSection(SolutionConfigurationPlatforms) = preSolution
		Debug|Any CPU = Debug|Any CPU
		Release|Any CPU = Release|Any CPU
	EndGlobalSection
	GlobalSection(ProjectConfigurationPlatforms) = postSolution
		{9FF246EA-CF29-4178-BD4B-25058E1ACBA5}.Debug|Any CPU.ActiveCfg = Debug|Any CPU
		{9FF246EA-CF29-4178-BD4B-25058E1ACBA5}.Debug|Any CPU.Build.0 = Debug|Any CPU
		{9FF246EA-CF29-4178-BD4B-25058E1ACBA5}.Release|Any CPU.ActiveCfg = Release|Any CPU
		{9FF246EA-CF29-4178-BD4B-25058E1ACBA5}.Release|Any CPU.Build.0 = Release|Any CPU
		{73FFF374-2CBE-44D2-B7D3-0DD51351BC09}.Debug|Any CPU.ActiveCfg = Debug|Any CPU
		{73FFF374-2CBE-44D2-B7D3-0DD51351BC09}.Debug|Any CPU.Build.0 = Debug|Any CPU
		{73FFF374-2CBE-44D2-B7D3-0DD51351BC09}.Release|Any CPU.ActiveCfg = Release|Any CPU
		{73FFF374-2CBE-44D2-B7D3-0DD51351BC09}.Release|Any CPU.Build.0 = Release|Any CPU
		{F67DD5DE-AC65-4A35-967F-7F25438077B1}.Debug|Any CPU.ActiveCfg = Debug|Any CPU
		{F67DD5DE-AC65-4A35-967F-7F25438077B1}.Debug|Any CPU.Build.0 = Debug|Any CPU
		{F67DD5DE-AC65-4A35-967F-7F25438077B1}.Release|Any CPU.ActiveCfg = Release|Any CPU
		{F67DD5DE-AC65-4A35-967F-7F25438077B1}.Release|Any CPU.Build.0 = Release|Any CPU
		{57CC0DE3-F110-42F3-B3AB-BD61B28FB35B}.Debug|Any CPU.ActiveCfg = Debug|Any CPU
		{57CC0DE3-F110-42F3-B3AB-BD61B28FB35B}.Debug|Any CPU.Build.0 = Debug|Any CPU
		{57CC0DE3-F110-42F3-B3AB-BD61B28FB35B}.Release|Any CPU.ActiveCfg = Release|Any CPU
		{57CC0DE3-F110-42F3-B3AB-BD61B28FB35B}.Release|Any CPU.Build.0 = Release|Any CPU
		{75618E42-A0A8-4953-BDDD-309D10C0F03E}.Debug|Any CPU.ActiveCfg = Debug|Any CPU
		{75618E42-A0A8-4953-BDDD-309D10C0F03E}.Debug|Any CPU.Build.0 = Debug|Any CPU
		{75618E42-A0A8-4953-BDDD-309D10C0F03E}.Release|Any CPU.ActiveCfg = Release|Any CPU
		{75618E42-A0A8-4953-BDDD-309D10C0F03E}.Release|Any CPU.Build.0 = Release|Any CPU
		{F114DAF1-86CF-4C6D-8BF7-B800A9EF7DCE}.Debug|Any CPU.ActiveCfg = Debug|Any CPU
		{F114DAF1-86CF-4C6D-8BF7-B800A9EF7DCE}.Debug|Any CPU.Build.0 = Debug|Any CPU
		{F114DAF1-86CF-4C6D-8BF7-B800A9EF7DCE}.Release|Any CPU.ActiveCfg = Release|Any CPU
		{F114DAF1-86CF-4C6D-8BF7-B800A9EF7DCE}.Release|Any CPU.Build.0 = Release|Any CPU
	EndGlobalSection
	GlobalSection(SolutionProperties) = preSolution
		HideSolutionNode = FALSE
	EndGlobalSection
	GlobalSection(NestedProjects) = preSolution
		{9FF246EA-CF29-4178-BD4B-25058E1ACBA5} = {7A017A0C-8192-418B-98EA-5FE12063F019}
		{73FFF374-2CBE-44D2-B7D3-0DD51351BC09} = {7A017A0C-8192-418B-98EA-5FE12063F019}
		{F67DD5DE-AC65-4A35-967F-7F25438077B1} = {7A017A0C-8192-418B-98EA-5FE12063F019}
		{57CC0DE3-F110-42F3-B3AB-BD61B28FB35B} = {7A017A0C-8192-418B-98EA-5FE12063F019}
		{75618E42-A0A8-4953-BDDD-309D10C0F03E} = {4E60DA2F-7570-46E5-80D5-E39BC071F00A}
		{F114DAF1-86CF-4C6D-8BF7-B800A9EF7DCE} = {4E60DA2F-7570-46E5-80D5-E39BC071F00A}
	EndGlobalSection
	GlobalSection(ExtensibilityGlobals) = postSolution
		SolutionGuid = {73B97796-3C29-4D91-B13B-84CD697164D1}
	EndGlobalSection
EndGlobal
